
Microsoft Visual Studio Solution File, Format Version 12.00
# Visual Studio Version 17
VisualStudioVersion = 17.0.32112.339
MinimumVisualStudioVersion = 10.0.40219.1
Project("{FAE04EC0-301F-11D3-BF4B-00C04F79EFBC}") = "OrderS", "WebApplication1\OrderS.csproj", "{9B382A4F-54E4-459D-85D2-B8CD9BA4493D}"
EndProject
Project("{FAE04EC0-301F-11D3-BF4B-00C04F79EFBC}") = "InventoryS", "InventoryS\InventoryS.csproj", "{DCEE7BA0-6FBB-4576-BBE4-3272C84440DD}"
EndProject
Global
	GlobalSection(SolutionConfigurationPlatforms) = preSolution
		Debug|Any CPU = Debug|Any CPU
		Release|Any CPU = Release|Any CPU
	EndGlobalSection
	GlobalSection(ProjectConfigurationPlatforms) = postSolution
		{9B382A4F-54E4-459D-85D2-B8CD9BA4493D}.Debug|Any CPU.ActiveCfg = Debug|Any CPU
		{9B382A4F-54E4-459D-85D2-B8CD9BA4493D}.Debug|Any CPU.Build.0 = Debug|Any CPU
		{9B382A4F-54E4-459D-85D2-B8CD9BA4493D}.Release|Any CPU.ActiveCfg = Release|Any CPU
		{9B382A4F-54E4-459D-85D2-B8CD9BA4493D}.Release|Any CPU.Build.0 = Release|Any CPU
		{DCEE7BA0-6FBB-4576-BBE4-3272C84440DD}.Debug|Any CPU.ActiveCfg = Debug|Any CPU
		{DCEE7BA0-6FBB-4576-BBE4-3272C84440DD}.Debug|Any CPU.Build.0 = Debug|Any CPU
		{DCEE7BA0-6FBB-4576-BBE4-3272C84440DD}.Release|Any CPU.ActiveCfg = Release|Any CPU
		{DCEE7BA0-6FBB-4576-BBE4-3272C84440DD}.Release|Any CPU.Build.0 = Release|Any CPU
	EndGlobalSection
	GlobalSection(SolutionProperties) = preSolution
		HideSolutionNode = FALSE
	EndGlobalSection
	GlobalSection(ExtensibilityGlobals) = postSolution
		SolutionGuid = {16239A64-FABB-4C7E-9B92-7AD8790949F3}
	EndGlobalSection
EndGlobal
